
Microsoft Visual Studio Solution File, Format Version 12.00
# Visual Studio Version 17
VisualStudioVersion = 17.11.35431.28
MinimumVisualStudioVersion = 10.0.40219.1
Project("{2150E333-8FDC-42A3-9474-1A3956D46DE8}") = "src", "src", "{16EC37E1-0778-4C8B-B4AC-50B31B8B0FC9}"
EndProject
Project("{2150E333-8FDC-42A3-9474-1A3956D46DE8}") = "COMMON", "COMMON", "{1BA6A095-B8DD-424A-BD06-0385A1BA9156}"
EndProject
Project("{2150E333-8FDC-42A3-9474-1A3956D46DE8}") = "API", "API", "{579D1527-4768-479E-BC42-47FBC4746BFC}"
EndProject
Project("{2150E333-8FDC-42A3-9474-1A3956D46DE8}") = "CORE", "CORE", "{0F70DFEE-1A32-40E3-918F-659ACF423702}"
EndProject
Project("{2150E333-8FDC-42A3-9474-1A3956D46DE8}") = "INFRA", "INFRA", "{1157C1C5-ABC3-4D06-8C6E-E6F16EBBA8A5}"
EndProject
Project("{FAE04EC0-301F-11D3-BF4B-00C04F79EFBC}") = "ADP.Booking.Api", "src\ADP.Booking.Api\ADP.Booking.Api.csproj", "{C41B7BD4-6324-4DF3-A666-09F1A291C803}"
EndProject
Project("{FAE04EC0-301F-11D3-BF4B-00C04F79EFBC}") = "ADP.Booking.Domain", "src\ADP.Booking.Domain\ADP.Booking.Domain.csproj", "{61BD7BFC-75BB-43F8-86FB-87D41FFA8EEA}"
EndProject
Project("{FAE04EC0-301F-11D3-BF4B-00C04F79EFBC}") = "ADP.Booking.Application", "src\ADP.Booking.Application\ADP.Booking.Application.csproj", "{5BE4DB74-1AC2-4CC2-94D8-1E7EAA7A1F37}"
EndProject
Project("{FAE04EC0-301F-11D3-BF4B-00C04F79EFBC}") = "ADP.Booking.Persistence", "src\ADP.Booking.Persistence\ADP.Booking.Persistence.csproj", "{4F636491-9AD2-48E8-B574-362F7FD7AA16}"
EndProject
Project("{FAE04EC0-301F-11D3-BF4B-00C04F79EFBC}") = "ADP.Booking.External", "src\ADP.Booking.External\ADP.Booking.External.csproj", "{F8416168-1D71-42F3-8829-D49A91D3003F}"
EndProject
Project("{FAE04EC0-301F-11D3-BF4B-00C04F79EFBC}") = "ADP.Booking.Common", "src\ADP.Booking.Common\ADP.Booking.Common.csproj", "{83623A03-5310-423F-9313-C0C0C0482EB0}"
EndProject
Global
	GlobalSection(SolutionConfigurationPlatforms) = preSolution
		Debug|Any CPU = Debug|Any CPU
		Release|Any CPU = Release|Any CPU
	EndGlobalSection
	GlobalSection(ProjectConfigurationPlatforms) = postSolution
		{C41B7BD4-6324-4DF3-A666-09F1A291C803}.Debug|Any CPU.ActiveCfg = Debug|Any CPU
		{C41B7BD4-6324-4DF3-A666-09F1A291C803}.Debug|Any CPU.Build.0 = Debug|Any CPU
		{C41B7BD4-6324-4DF3-A666-09F1A291C803}.Release|Any CPU.ActiveCfg = Release|Any CPU
		{C41B7BD4-6324-4DF3-A666-09F1A291C803}.Release|Any CPU.Build.0 = Release|Any CPU
		{61BD7BFC-75BB-43F8-86FB-87D41FFA8EEA}.Debug|Any CPU.ActiveCfg = Debug|Any CPU
		{61BD7BFC-75BB-43F8-86FB-87D41FFA8EEA}.Debug|Any CPU.Build.0 = Debug|Any CPU
		{61BD7BFC-75BB-43F8-86FB-87D41FFA8EEA}.Release|Any CPU.ActiveCfg = Release|Any CPU
		{61BD7BFC-75BB-43F8-86FB-87D41FFA8EEA}.Release|Any CPU.Build.0 = Release|Any CPU
		{5BE4DB74-1AC2-4CC2-94D8-1E7EAA7A1F37}.Debug|Any CPU.ActiveCfg = Debug|Any CPU
		{5BE4DB74-1AC2-4CC2-94D8-1E7EAA7A1F37}.Debug|Any CPU.Build.0 = Debug|Any CPU
		{5BE4DB74-1AC2-4CC2-94D8-1E7EAA7A1F37}.Release|Any CPU.ActiveCfg = Release|Any CPU
		{5BE4DB74-1AC2-4CC2-94D8-1E7EAA7A1F37}.Release|Any CPU.Build.0 = Release|Any CPU
		{4F636491-9AD2-48E8-B574-362F7FD7AA16}.Debug|Any CPU.ActiveCfg = Debug|Any CPU
		{4F636491-9AD2-48E8-B574-362F7FD7AA16}.Debug|Any CPU.Build.0 = Debug|Any CPU
		{4F636491-9AD2-48E8-B574-362F7FD7AA16}.Release|Any CPU.ActiveCfg = Release|Any CPU
		{4F636491-9AD2-48E8-B574-362F7FD7AA16}.Release|Any CPU.Build.0 = Release|Any CPU
		{F8416168-1D71-42F3-8829-D49A91D3003F}.Debug|Any CPU.ActiveCfg = Debug|Any CPU
		{F8416168-1D71-42F3-8829-D49A91D3003F}.Debug|Any CPU.Build.0 = Debug|Any CPU
		{F8416168-1D71-42F3-8829-D49A91D3003F}.Release|Any CPU.ActiveCfg = Release|Any CPU
		{F8416168-1D71-42F3-8829-D49A91D3003F}.Release|Any CPU.Build.0 = Release|Any CPU
		{83623A03-5310-423F-9313-C0C0C0482EB0}.Debug|Any CPU.ActiveCfg = Debug|Any CPU
		{83623A03-5310-423F-9313-C0C0C0482EB0}.Debug|Any CPU.Build.0 = Debug|Any CPU
		{83623A03-5310-423F-9313-C0C0C0482EB0}.Release|Any CPU.ActiveCfg = Release|Any CPU
		{83623A03-5310-423F-9313-C0C0C0482EB0}.Release|Any CPU.Build.0 = Release|Any CPU
	EndGlobalSection
	GlobalSection(SolutionProperties) = preSolution
		HideSolutionNode = FALSE
	EndGlobalSection
	GlobalSection(NestedProjects) = preSolution
		{1BA6A095-B8DD-424A-BD06-0385A1BA9156} = {16EC37E1-0778-4C8B-B4AC-50B31B8B0FC9}
		{579D1527-4768-479E-BC42-47FBC4746BFC} = {16EC37E1-0778-4C8B-B4AC-50B31B8B0FC9}
		{0F70DFEE-1A32-40E3-918F-659ACF423702} = {16EC37E1-0778-4C8B-B4AC-50B31B8B0FC9}
		{1157C1C5-ABC3-4D06-8C6E-E6F16EBBA8A5} = {16EC37E1-0778-4C8B-B4AC-50B31B8B0FC9}
		{C41B7BD4-6324-4DF3-A666-09F1A291C803} = {579D1527-4768-479E-BC42-47FBC4746BFC}
		{61BD7BFC-75BB-43F8-86FB-87D41FFA8EEA} = {0F70DFEE-1A32-40E3-918F-659ACF423702}
		{5BE4DB74-1AC2-4CC2-94D8-1E7EAA7A1F37} = {0F70DFEE-1A32-40E3-918F-659ACF423702}
		{4F636491-9AD2-48E8-B574-362F7FD7AA16} = {1157C1C5-ABC3-4D06-8C6E-E6F16EBBA8A5}
		{F8416168-1D71-42F3-8829-D49A91D3003F} = {1157C1C5-ABC3-4D06-8C6E-E6F16EBBA8A5}
		{83623A03-5310-423F-9313-C0C0C0482EB0} = {1BA6A095-B8DD-424A-BD06-0385A1BA9156}
	EndGlobalSection
	GlobalSection(ExtensibilityGlobals) = postSolution
		SolutionGuid = {AF3F31AC-6C22-483A-AD74-8C05C2270AC2}
	EndGlobalSection
EndGlobal
